#MicroXplorer Configuration settings - do not modify
File.Version=5
I2C1.ClockSpeed=400000
I2C1.DutyCycle=I2C_DUTYCYCLE_2
I2C1.I2C_Mode=I2C_Fast
I2C1.IPParameters=ClockSpeed,NoStretchMode,I2C_Mode,DutyCycle
I2C1.NoStretchMode=I2C_NOSTRETCH_DISABLED
KeepUserPlacement=false
Mcu.Family=STM32F1
Mcu.IP0=I2C1
Mcu.IP1=IWDG
Mcu.IP2=NVIC
Mcu.IP3=RCC
Mcu.IP4=SPI1
Mcu.IP5=SYS
Mcu.IP6=USART1
Mcu.IP7=USART3
Mcu.IPNb=8
Mcu.Name=STM32F103V(8-B)Tx
Mcu.Package=LQFP100
Mcu.Pin0=OSC_IN
Mcu.Pin1=OSC_OUT
Mcu.Pin10=PA14
Mcu.Pin11=PB3
Mcu.Pin12=PB6
Mcu.Pin13=PB7
Mcu.Pin14=VP_IWDG_VS_IWDG
Mcu.Pin2=PA5
Mcu.Pin3=PA6
Mcu.Pin4=PA7
Mcu.Pin5=PB10
Mcu.Pin6=PB11
Mcu.Pin7=PA9
Mcu.Pin8=PA10
Mcu.Pin9=PA13
Mcu.PinsNb=15
Mcu.UserName=STM32F103V8Tx
MxCube.Version=4.8.0
MxDb.Version=DB.4.0.80
NVIC.PriorityGroup=NVIC_PRIORITYGROUP_4
NVIC.SysTick_IRQn=true\:0\:0\:false
OSC_IN.Mode=HSE-External-Oscillator
OSC_IN.Signal=RCC_OSC_IN
OSC_OUT.Mode=HSE-External-Oscillator
OSC_OUT.Signal=RCC_OSC_OUT
PA10.Mode=Asynchronous
PA10.Signal=USART1_RX
PA13.Mode=Trace_Asynchronous_SW
PA13.Signal=SYS_JTMS-SWDIO
PA14.Mode=Trace_Asynchronous_SW
PA14.Signal=SYS_JTCK-SWCLK
PA5.Mode=Full_Duplex_Master
PA5.Signal=SPI1_SCK
PA6.Mode=Full_Duplex_Master
PA6.Signal=SPI1_MISO
PA7.Mode=Full_Duplex_Master
PA7.Signal=SPI1_MOSI
PA9.Mode=Asynchronous
PA9.Signal=USART1_TX
PB10.Mode=Asynchronous
PB10.Signal=USART3_TX
PB11.Mode=Asynchronous
PB11.Signal=USART3_RX
PB3.Mode=Trace_Asynchronous_SW
PB3.Signal=SYS_JTDO-TRACESWO
PB6.Mode=I2C
PB6.Signal=I2C1_SCL
PB7.Mode=I2C
PB7.Signal=I2C1_SDA
PCC.Checker=false
PCC.Family=STM32F1
PCC.MCU=STM32F103V(8-B)Tx
PCC.MXVersion=4.8.0
PCC.PartNumber=STM32F103V8Tx
PCC.Seq0=0
PCC.SubFamily=STM32F103
PCC.Temperature=25
PCC.Vdd=3.3
RCC.ADCFreqValue=36000000
RCC.AHBFreq_Value=72000000
RCC.APB1CLKDivider=RCC_HCLK_DIV2
RCC.APB1Freq_Value=36000000
RCC.APB1TimFreq_Value=72000000
RCC.APB2Freq_Value=72000000
RCC.APB2TimFreq_Value=72000000
RCC.FCLKCortexFreq_Value=72000000
RCC.FamilyName=M
RCC.HCLKFreq_Value=72000000
RCC.HSEDivPLL=RCC_HSE_PREDIV_DIV2
RCC.HSE_VALUE=16000000
RCC.HSIState=RCC_HSI_ON
RCC.IPParameters=HSIState,VCOOutput2Freq_Value,PLLMUL,FamilyName,PLLMCOFreq_Value,APB1TimFreq_Value,APB2Freq_Value,APB1CLKDivider,HSEDivPLL,HCLKFreq_Value,FCLKCortexFreq_Value,USBFreq_Value,AHBFreq_Value,TimSysFreq_Value,PLLSourceVirtual,ADCFreqValue,SYSCLKFreq_VALUE,SYSCLKSource,MCOFreq_Value,APB1Freq_Value,HSE_VALUE,PLLCLKFreq_Value,APB2TimFreq_Value
RCC.MCOFreq_Value=72000000
RCC.PLLCLKFreq_Value=72000000
RCC.PLLMCOFreq_Value=36000000
RCC.PLLMUL=RCC_PLL_MUL9
RCC.PLLSourceVirtual=RCC_PLLSOURCE_HSE
RCC.SYSCLKFreq_VALUE=72000000
RCC.SYSCLKSource=RCC_SYSCLKSOURCE_PLLCLK
RCC.TimSysFreq_Value=72000000
RCC.USBFreq_Value=72000000
RCC.VCOOutput2Freq_Value=8000000
SPI1.BaudRatePrescaler=SPI_BAUDRATEPRESCALER_4
SPI1.CLKPolarity=SPI_POLARITY_LOW
SPI1.CRCCalculation=SPI_CRCCALCULATION_ENABLED
SPI1.CalculateBaudRate=18.0 MBits/s
SPI1.DataSize=SPI_DATASIZE_16BIT
SPI1.IPParameters=CRCCalculation,BaudRatePrescaler,Mode,DataSize,CLKPolarity,CalculateBaudRate
SPI1.Mode=SPI_MODE_MASTER
VP_IWDG_VS_IWDG.Mode=IWDG_Activate
VP_IWDG_VS_IWDG.Signal=IWDG_VS_IWDG
